<?xml version="1.0" encoding="utf-8"?>
<Project ToolsVersion="4.0" xmlns="http://schemas.microsoft.com/developer/msbuild/2003">
  <ItemGroup>
    <Filter Include="source">
      <UniqueIdentifier>{8d3352c3-bb0c-4e87-bb5d-044bb9ec5e13}</UniqueIdentifier>
    </Filter>
    <Filter Include="include">
      <UniqueIdentifier>{e529241e-773e-4084-a737-060aa8396cba}</UniqueIdentifier>
    </Filter>
    <Filter Include="project">
      <UniqueIdentifier>{fe17a93f-cd53-4c35-b79b-969c4967865e}</UniqueIdentifier>
    </Filter>
    <Filter Include="include\engine">
      <UniqueIdentifier>{f98ff5ec-055a-46cd-b5b1-462ef4c1c73e}</UniqueIdentifier>
    </Filter>
    <Filter Include="include\crlib">
      <UniqueIdentifier>{76a583d1-8f55-451b-8516-2f7cce4d1875}</UniqueIdentifier>
    </Filter>
  </ItemGroup>
  <ItemGroup>
    <ClInclude Include="..\include\resource.h">
      <Filter>include</Filter>
    </ClInclude>
    <ClInclude Include="..\include\engine\const.h">
      <Filter>include\engine</Filter>
    </ClInclude>
    <ClInclude Include="..\include\engine\eiface.h">
      <Filter>include\engine</Filter>
    </ClInclude>
    <ClInclude Include="..\include\engine\extdll.h">
      <Filter>include\engine</Filter>
    </ClInclude>
    <ClInclude Include="..\include\engine\meta_api.h">
      <Filter>include\engine</Filter>
    </ClInclude>
    <ClInclude Include="..\include\engine\progdefs.h">
      <Filter>include\engine</Filter>
    </ClInclude>
    <ClInclude Include="..\include\engine\util.h">
      <Filter>include\engine</Filter>
    </ClInclude>
    <ClInclude Include="..\include\engine.h">
      <Filter>include</Filter>
    </ClInclude>
    <ClInclude Include="..\include\yapb.h">
      <Filter>include</Filter>
    </ClInclude>
    <ClInclude Include="..\include\engine\model.h">
      <Filter>include\engine</Filter>
    </ClInclude>
    <ClInclude Include="..\include\crlib\cr-alloc.h">
      <Filter>include\crlib</Filter>
    </ClInclude>
    <ClInclude Include="..\include\crlib\cr-array.h">
      <Filter>include\crlib</Filter>
    </ClInclude>
    <ClInclude Include="..\include\crlib\cr-basic.h">
      <Filter>include\crlib</Filter>
    </ClInclude>
    <ClInclude Include="..\include\crlib\cr-binheap.h">
      <Filter>include\crlib</Filter>
    </ClInclude>
    <ClInclude Include="..\include\crlib\cr-complete.h">
      <Filter>include\crlib</Filter>
    </ClInclude>
    <ClInclude Include="..\include\crlib\cr-dict.h">
      <Filter>include\crlib</Filter>
    </ClInclude>
    <ClInclude Include="..\include\crlib\cr-files.h">
      <Filter>include\crlib</Filter>
    </ClInclude>
    <ClInclude Include="..\include\crlib\cr-http.h">
      <Filter>include\crlib</Filter>
    </ClInclude>
    <ClInclude Include="..\include\crlib\cr-lambda.h">
      <Filter>include\crlib</Filter>
    </ClInclude>
    <ClInclude Include="..\include\crlib\cr-library.h">
      <Filter>include\crlib</Filter>
    </ClInclude>
    <ClInclude Include="..\include\crlib\cr-logger.h">
      <Filter>include\crlib</Filter>
    </ClInclude>
    <ClInclude Include="..\include\crlib\cr-math.h">
      <Filter>include\crlib</Filter>
    </ClInclude>
    <ClInclude Include="..\include\crlib\cr-movable.h">
      <Filter>include\crlib</Filter>
    </ClInclude>
    <ClInclude Include="..\include\crlib\cr-platform.h">
      <Filter>include\crlib</Filter>
    </ClInclude>
    <ClInclude Include="..\include\crlib\cr-random.h">
      <Filter>include\crlib</Filter>
    </ClInclude>
    <ClInclude Include="..\include\crlib\cr-string.h">
      <Filter>include\crlib</Filter>
    </ClInclude>
    <ClInclude Include="..\include\crlib\cr-twin.h">
      <Filter>include\crlib</Filter>
    </ClInclude>
    <ClInclude Include="..\include\crlib\cr-ulz.h">
      <Filter>include\crlib</Filter>
    </ClInclude>
    <ClInclude Include="..\include\crlib\cr-uniqueptr.h">
      <Filter>include\crlib</Filter>
    </ClInclude>
    <ClInclude Include="..\include\crlib\cr-vector.h">
      <Filter>include\crlib</Filter>
    </ClInclude>
    <ClInclude Include="..\include\crlib\cr-color.h">
      <Filter>include\crlib</Filter>
    </ClInclude>
    <ClInclude Include="..\include\crlib\cr-hook.h">
      <Filter>include\crlib</Filter>
    </ClInclude>
    <ClInclude Include="..\include\config.h">
      <Filter>include</Filter>
    </ClInclude>
    <ClInclude Include="..\include\graph.h">
      <Filter>include</Filter>
    </ClInclude>
    <ClInclude Include="..\include\manager.h">
      <Filter>include</Filter>
    </ClInclude>
    <ClInclude Include="..\include\utils.h">
      <Filter>include</Filter>
    </ClInclude>
    <ClInclude Include="..\include\control.h">
      <Filter>include</Filter>
    </ClInclude>
    <ClInclude Include="..\include\message.h">
      <Filter>include</Filter>
    </ClInclude>
  </ItemGroup>
  <ItemGroup>
    <ClCompile Include="..\source\chatlib.cpp">
      <Filter>source</Filter>
    </ClCompile>
    <ClCompile Include="..\source\interface.cpp">
      <Filter>source</Filter>
    </ClCompile>
    <ClCompile Include="..\source\navigate.cpp">
      <Filter>source</Filter>
    </ClCompile>
    <ClCompile Include="..\source\support.cpp">
      <Filter>source</Filter>
    </ClCompile>
    <ClCompile Include="..\source\manager.cpp">
      <Filter>source</Filter>
    </ClCompile>
    <ClCompile Include="..\source\combat.cpp">
      <Filter>source</Filter>
    </ClCompile>
    <ClCompile Include="..\source\engine.cpp">
      <Filter>source</Filter>
    </ClCompile>
    <ClCompile Include="..\source\control.cpp">
      <Filter>source</Filter>
    </ClCompile>
    <ClCompile Include="..\source\basecode.cpp">
      <Filter>source</Filter>
    </ClCompile>
    <ClCompile Include="..\source\graph.cpp">
      <Filter>source</Filter>
    </ClCompile>
    <ClCompile Include="..\source\android.cpp">
      <Filter>source</Filter>
    </ClCompile>
    <ClCompile Include="..\source\message.cpp">
      <Filter>source</Filter>
    </ClCompile>
  </ItemGroup>
  <ItemGroup>
    <ResourceCompile Include="yapb.rc">
      <Filter>project</Filter>
    </ResourceCompile>
  </ItemGroup>
  <ItemGroup>
    <None Include="makefile">
      <Filter>project</Filter>
    </None>
    <None Include="..\source\Android.mk">
      <Filter>project</Filter>
    </None>
  </ItemGroup>
</Project>