
Microsoft Visual Studio Solution File, Format Version 12.00
# Visual Studio 2013
VisualStudioVersion = 12.0.31101.0
MinimumVisualStudioVersion = 10.0.40219.1
Project("{8BC9CEB8-8B4A-11D0-8D11-00A0C91BC942}") = "yapb", "yapb.vcxproj", "{C232645A-3B99-48F4-A1F3-F20CF0A9568B}"
EndProject
Project("{2150E333-8FDC-42A3-9474-1A3956D46DE8}") = "Solution Items", "Solution Items", "{A92F154C-37FE-4A86-8BD4-B9910F0FDC10}"
	ProjectSection(SolutionItems) = preProject
		Performance1.psess = Performance1.psess
	EndProjectSection
EndProject
Global
	GlobalSection(SolutionConfigurationPlatforms) = preSolution
		Debug_Mmgr|Any CPU = Debug_Mmgr|Any CPU
		Debug_Mmgr|Mixed Platforms = Debug_Mmgr|Mixed Platforms
		Debug_Mmgr|Win32 = Debug_Mmgr|Win32
		Debug|Any CPU = Debug|Any CPU
		Debug|Mixed Platforms = Debug|Mixed Platforms
		Debug|Win32 = Debug|Win32
		Release|Any CPU = Release|Any CPU
		Release|Mixed Platforms = Release|Mixed Platforms
		Release|Win32 = Release|Win32
	EndGlobalSection
	GlobalSection(ProjectConfigurationPlatforms) = postSolution
		{C232645A-3B99-48F4-A1F3-F20CF0A9568B}.Debug_Mmgr|Any CPU.ActiveCfg = Debug_Mmgr|Win32
		{C232645A-3B99-48F4-A1F3-F20CF0A9568B}.Debug_Mmgr|Mixed Platforms.ActiveCfg = Debug_Mmgr|Win32
		{C232645A-3B99-48F4-A1F3-F20CF0A9568B}.Debug_Mmgr|Mixed Platforms.Build.0 = Debug_Mmgr|Win32
		{C232645A-3B99-48F4-A1F3-F20CF0A9568B}.Debug_Mmgr|Win32.ActiveCfg = Debug_Mmgr|Win32
		{C232645A-3B99-48F4-A1F3-F20CF0A9568B}.Debug_Mmgr|Win32.Build.0 = Debug_Mmgr|Win32
		{C232645A-3B99-48F4-A1F3-F20CF0A9568B}.Debug|Any CPU.ActiveCfg = Debug|Win32
		{C232645A-3B99-48F4-A1F3-F20CF0A9568B}.Debug|Mixed Platforms.ActiveCfg = Debug|Win32
		{C232645A-3B99-48F4-A1F3-F20CF0A9568B}.Debug|Mixed Platforms.Build.0 = Debug|Win32
		{C232645A-3B99-48F4-A1F3-F20CF0A9568B}.Debug|Win32.ActiveCfg = Debug|Win32
		{C232645A-3B99-48F4-A1F3-F20CF0A9568B}.Debug|Win32.Build.0 = Debug|Win32
		{C232645A-3B99-48F4-A1F3-F20CF0A9568B}.Release|Any CPU.ActiveCfg = Release|Win32
		{C232645A-3B99-48F4-A1F3-F20CF0A9568B}.Release|Mixed Platforms.ActiveCfg = Release|Win32
		{C232645A-3B99-48F4-A1F3-F20CF0A9568B}.Release|Mixed Platforms.Build.0 = Release|Win32
		{C232645A-3B99-48F4-A1F3-F20CF0A9568B}.Release|Win32.ActiveCfg = Release|Win32
		{C232645A-3B99-48F4-A1F3-F20CF0A9568B}.Release|Win32.Build.0 = Release|Win32
	EndGlobalSection
	GlobalSection(SolutionProperties) = preSolution
		HideSolutionNode = FALSE
	EndGlobalSection
EndGlobal
