<?xml version="1.0" encoding="utf-8"?>
<Project ToolsVersion="4.0" xmlns="http://schemas.microsoft.com/developer/msbuild/2003">
  <ItemGroup>
    <Filter Include="src">
      <UniqueIdentifier>{55dff0ff-c17f-4ef8-9949-652a53eacda0}</UniqueIdentifier>
    </Filter>
    <Filter Include="inc">
      <UniqueIdentifier>{0ad17b3f-102e-4f74-b1aa-dd492e79dca2}</UniqueIdentifier>
    </Filter>
    <Filter Include="inc\ext">
      <UniqueIdentifier>{11ec3b8b-d4e5-4f43-964c-b84980a6d0e1}</UniqueIdentifier>
    </Filter>
    <Filter Include="inc\ext\ystl">
      <UniqueIdentifier>{bec0fb46-08b4-4bfa-900c-d279a933ff77}</UniqueIdentifier>
    </Filter>
    <Filter Include="inc\ext\ystl\simd">
      <UniqueIdentifier>{01281138-9315-450e-be71-55e16a2e3019}</UniqueIdentifier>
    </Filter>
    <Filter Include="inc\ext\linkage">
      <UniqueIdentifier>{f6a0fc04-bdf5-479b-8e5a-85eae698541e}</UniqueIdentifier>
    </Filter>
    <Filter Include="inc\ext\mbedtls">
      <UniqueIdentifier>{7a4e2f1c-3b8d-4e6a-9c5f-2d1a8b3c4e5f}</UniqueIdentifier>
    </Filter>
    <Filter Include="res">
      <UniqueIdentifier>{5e73b918-f42b-4df9-bbe9-918289e44ad2}</UniqueIdentifier>
    </Filter>
  </ItemGroup>
  <ItemGroup>
    <ClInclude Include="..\ext\ystl\ystl\algorithm.h">
      <Filter>inc\ext\ystl</Filter>
    </ClInclude>
    <ClInclude Include="..\ext\ystl\ystl\array.h">
      <Filter>inc\ext\ystl</Filter>
    </ClInclude>
    <ClInclude Include="..\ext\ystl\ystl\atomic.h">
      <Filter>inc\ext\ystl</Filter>
    </ClInclude>
    <ClInclude Include="..\ext\ystl\ystl\binheap.h">
      <Filter>inc\ext\ystl</Filter>
    </ClInclude>
    <ClInclude Include="..\ext\ystl\ystl\color.h">
      <Filter>inc\ext\ystl</Filter>
    </ClInclude>
    <ClInclude Include="..\ext\ystl\ystl\confparse.h">
      <Filter>inc\ext\ystl</Filter>
    </ClInclude>
    <ClInclude Include="..\ext\ystl\ystl\cpuflags.h">
      <Filter>inc\ext\ystl</Filter>
    </ClInclude>
    <ClInclude Include="..\ext\ystl\ystl\ystl.h">
      <Filter>inc\ext\ystl</Filter>
    </ClInclude>
    <ClInclude Include="..\ext\ystl\ystl\deque.h">
      <Filter>inc\ext\ystl</Filter>
    </ClInclude>
    <ClInclude Include="..\ext\ystl\ystl\detour.h">
      <Filter>inc\ext\ystl</Filter>
    </ClInclude>
    <ClInclude Include="..\ext\ystl\ystl\endian.h">
      <Filter>inc\ext\ystl</Filter>
    </ClInclude>
    <ClInclude Include="..\ext\ystl\ystl\files.h">
      <Filter>inc\ext\ystl</Filter>
    </ClInclude>
    <ClInclude Include="..\ext\ystl\ystl\fixedarray.h">
      <Filter>inc\ext\ystl</Filter>
    </ClInclude>
    <ClInclude Include="..\ext\ystl\ystl\flags.h">
      <Filter>inc\ext\ystl</Filter>
    </ClInclude>
    <ClInclude Include="..\ext\ystl\ystl\hashmap.h">
      <Filter>inc\ext\ystl</Filter>
    </ClInclude>
    <ClInclude Include="..\ext\ystl\ystl\http.h">
      <Filter>inc\ext\ystl</Filter>
    </ClInclude>
    <ClInclude Include="..\ext\ystl\ystl\lambda.h">
      <Filter>inc\ext\ystl</Filter>
    </ClInclude>
    <ClInclude Include="..\ext\ystl\ystl\library.h">
      <Filter>inc\ext\ystl</Filter>
    </ClInclude>
    <ClInclude Include="..\ext\ystl\ystl\logger.h">
      <Filter>inc\ext\ystl</Filter>
    </ClInclude>
    <ClInclude Include="..\ext\ystl\ystl\mathlib.h">
      <Filter>inc\ext\ystl</Filter>
    </ClInclude>
    <ClInclude Include="..\ext\ystl\ystl\memory.h">
      <Filter>inc\ext\ystl</Filter>
    </ClInclude>
    <ClInclude Include="..\ext\ystl\ystl\memory_debugger.h">
      <Filter>inc\ext\ystl</Filter>
    </ClInclude>
    <ClInclude Include="..\ext\ystl\ystl\movable.h">
      <Filter>inc\ext\ystl</Filter>
    </ClInclude>
    <ClInclude Include="..\ext\ystl\ystl\optional.h">
      <Filter>inc\ext\ystl</Filter>
    </ClInclude>
    <ClInclude Include="..\ext\ystl\ystl\optparse.h">
      <Filter>inc\ext\ystl</Filter>
    </ClInclude>
    <ClInclude Include="..\ext\ystl\ystl\memory_override.h">
      <Filter>inc\ext\ystl</Filter>
    </ClInclude>
    <ClInclude Include="..\ext\ystl\ystl\platform.h">
      <Filter>inc\ext\ystl</Filter>
    </ClInclude>
    <ClInclude Include="..\ext\ystl\ystl\random.h">
      <Filter>inc\ext\ystl</Filter>
    </ClInclude>
    <ClInclude Include="..\ext\ystl\ystl\simd.h">
      <Filter>inc\ext\ystl</Filter>
    </ClInclude>
    <ClInclude Include="..\ext\ystl\ystl\simd\neon.h">
      <Filter>inc\ext\ystl\simd</Filter>
    </ClInclude>
    <ClInclude Include="..\ext\ystl\ystl\simd\sse2.h">
      <Filter>inc\ext\ystl\simd</Filter>
    </ClInclude>
    <ClInclude Include="..\ext\ystl\ystl\simd\rvv.h">
      <Filter>inc\ext\ystl\simd</Filter>
    </ClInclude>
    <ClInclude Include="..\ext\ystl\ystl\singleton.h">
      <Filter>inc\ext\ystl</Filter>
    </ClInclude>
    <ClInclude Include="..\ext\ystl\ystl\sort.h">
      <Filter>inc\ext\ystl</Filter>
    </ClInclude>
    <ClInclude Include="..\ext\ystl\ystl\span.h">
      <Filter>inc\ext\ystl</Filter>
    </ClInclude>
    <ClInclude Include="..\ext\ystl\ystl\string.h">
      <Filter>inc\ext\ystl</Filter>
    </ClInclude>
    <ClInclude Include="..\ext\ystl\ystl\thread.h">
      <Filter>inc\ext\ystl</Filter>
    </ClInclude>
    <ClInclude Include="..\ext\ystl\ystl\timers.h">
      <Filter>inc\ext\ystl</Filter>
    </ClInclude>
    <ClInclude Include="..\ext\ystl\ystl\tokenizer.h">
      <Filter>inc\ext\ystl</Filter>
    </ClInclude>
    <ClInclude Include="..\ext\ystl\ystl\traits.h">
      <Filter>inc\ext\ystl</Filter>
    </ClInclude>
    <ClInclude Include="..\ext\ystl\ystl\tuple.h">
      <Filter>inc\ext\ystl</Filter>
    </ClInclude>
    <ClInclude Include="..\ext\ystl\ystl\twin.h">
      <Filter>inc\ext\ystl</Filter>
    </ClInclude>
    <ClInclude Include="..\ext\ystl\ystl\ulz.h">
      <Filter>inc\ext\ystl</Filter>
    </ClInclude>
    <ClInclude Include="..\ext\ystl\ystl\uniqueptr.h">
      <Filter>inc\ext\ystl</Filter>
    </ClInclude>
    <ClInclude Include="..\ext\ystl\ystl\utf8tools.h">
      <Filter>inc\ext\ystl</Filter>
    </ClInclude>
    <ClInclude Include="..\ext\ystl\ystl\utility.h">
      <Filter>inc\ext\ystl</Filter>
    </ClInclude>
    <ClInclude Include="..\ext\ystl\ystl\vector.h">
      <Filter>inc\ext\ystl</Filter>
    </ClInclude>
    <ClInclude Include="..\ext\ystl\ystl\wavehelper.h">
      <Filter>inc\ext\ystl</Filter>
    </ClInclude>
    <ClInclude Include="..\ext\linkage\linkage\goldsrc.h">
      <Filter>inc\ext\linkage</Filter>
    </ClInclude>
    <ClInclude Include="..\ext\linkage\linkage\metamod.h">
      <Filter>inc\ext\linkage</Filter>
    </ClInclude>
    <ClInclude Include="..\ext\linkage\linkage\physint.h">
      <Filter>inc\ext\linkage</Filter>
    </ClInclude>
    <ClInclude Include="..\ext\linkage\linkage\rehlds_api.h">
      <Filter>inc\ext\linkage</Filter>
    </ClInclude>
    <ClInclude Include="..\inc\analyze.h">
      <Filter>inc</Filter>
    </ClInclude>
    <ClInclude Include="..\inc\behavior.h">
      <Filter>inc</Filter>
    </ClInclude>
    <ClInclude Include="..\inc\buying.h">
      <Filter>inc</Filter>
    </ClInclude>
    <ClInclude Include="..\inc\chatlib.h">
      <Filter>inc</Filter>
    </ClInclude>
    <ClInclude Include="..\inc\clients.h">
      <Filter>inc</Filter>
    </ClInclude>
    <ClInclude Include="..\inc\combat.h">
      <Filter>inc</Filter>
    </ClInclude>
    <ClInclude Include="..\inc\config.h">
      <Filter>inc</Filter>
    </ClInclude>
    <ClInclude Include="..\inc\constant.h">
      <Filter>inc</Filter>
    </ClInclude>
    <ClInclude Include="..\inc\control.h">
      <Filter>inc</Filter>
    </ClInclude>
    <ClInclude Include="..\inc\cvars.h">
      <Filter>inc</Filter>
    </ClInclude>
    <ClInclude Include="..\inc\debug.h">
      <Filter>inc</Filter>
    </ClInclude>
    <ClInclude Include="..\inc\engine.h">
      <Filter>inc</Filter>
    </ClInclude>
    <ClInclude Include="..\inc\fakeping.h">
      <Filter>inc</Filter>
    </ClInclude>
    <ClInclude Include="..\inc\funmode.h">
      <Filter>inc</Filter>
    </ClInclude>
    <ClInclude Include="..\inc\graph.h">
      <Filter>inc</Filter>
    </ClInclude>
    <ClInclude Include="..\inc\hooks.h">
      <Filter>inc</Filter>
    </ClInclude>
    <ClInclude Include="..\inc\manager.h">
      <Filter>inc</Filter>
    </ClInclude>
    <ClInclude Include="..\inc\message.h">
      <Filter>inc</Filter>
    </ClInclude>
    <ClInclude Include="..\inc\module.h">
      <Filter>inc</Filter>
    </ClInclude>
    <ClInclude Include="..\inc\navigate.h">
      <Filter>inc</Filter>
    </ClInclude>
    <ClInclude Include="..\inc\planner.h">
      <Filter>inc</Filter>
    </ClInclude>
    <ClInclude Include="..\inc\practice.h">
      <Filter>inc</Filter>
    </ClInclude>
    <ClInclude Include="..\inc\product.h">
      <Filter>inc</Filter>
    </ClInclude>
    <ClInclude Include="..\inc\radio.h">
      <Filter>inc</Filter>
    </ClInclude>
    <ClInclude Include="..\inc\rehlds.h">
      <Filter>inc</Filter>
    </ClInclude>
    <ClInclude Include="..\inc\sounds.h">
      <Filter>inc</Filter>
    </ClInclude>
    <ClInclude Include="..\inc\storage.h">
      <Filter>inc</Filter>
    </ClInclude>
    <ClInclude Include="..\inc\support.h">
      <Filter>inc</Filter>
    </ClInclude>
    <ClInclude Include="..\inc\tasks.h">
      <Filter>inc</Filter>
    </ClInclude>
    <ClInclude Include="..\inc\trace.h">
      <Filter>inc</Filter>
    </ClInclude>
    <ClInclude Include="..\inc\version.h">
      <Filter>inc</Filter>
    </ClInclude>
    <ClInclude Include="..\inc\vision.h">
      <Filter>inc</Filter>
    </ClInclude>
    <ClInclude Include="..\inc\vistable.h">
      <Filter>inc</Filter>
    </ClInclude>
    <ClInclude Include="..\inc\weapons.h">
      <Filter>inc</Filter>
    </ClInclude>
    <ClInclude Include="..\inc\yapb.h">
      <Filter>inc</Filter>
    </ClInclude>
  </ItemGroup>
  <ItemGroup>
    <ClCompile Include="..\src\analyze.cpp">
      <Filter>src</Filter>
    </ClCompile>
    <ClCompile Include="..\src\behavior.cpp">
      <Filter>src</Filter>
    </ClCompile>
    <ClCompile Include="..\src\buying.cpp">
      <Filter>src</Filter>
    </ClCompile>
    <ClCompile Include="..\src\chatlib.cpp">
      <Filter>src</Filter>
    </ClCompile>
    <ClCompile Include="..\src\clients.cpp">
      <Filter>src</Filter>
    </ClCompile>
    <ClCompile Include="..\src\combat.cpp">
      <Filter>src</Filter>
    </ClCompile>
    <ClCompile Include="..\src\config.cpp">
      <Filter>src</Filter>
    </ClCompile>
    <ClCompile Include="..\src\control.cpp">
      <Filter>src</Filter>
    </ClCompile>
    <ClCompile Include="..\src\debug.cpp">
      <Filter>src</Filter>
    </ClCompile>
    <ClCompile Include="..\src\engine.cpp">
      <Filter>src</Filter>
    </ClCompile>
    <ClCompile Include="..\src\fakeping.cpp">
      <Filter>src</Filter>
    </ClCompile>
    <ClCompile Include="..\src\funmode.cpp">
      <Filter>src</Filter>
    </ClCompile>
    <ClCompile Include="..\src\graph.cpp">
      <Filter>src</Filter>
    </ClCompile>
    <ClCompile Include="..\src\hooks.cpp">
      <Filter>src</Filter>
    </ClCompile>
    <ClCompile Include="..\src\linkage.cpp">
      <Filter>src</Filter>
    </ClCompile>
    <ClCompile Include="..\src\manager.cpp">
      <Filter>src</Filter>
    </ClCompile>
    <ClCompile Include="..\src\message.cpp">
      <Filter>src</Filter>
    </ClCompile>
    <ClCompile Include="..\src\module.cpp">
      <Filter>src</Filter>
    </ClCompile>
    <ClCompile Include="..\src\navigate.cpp">
      <Filter>src</Filter>
    </ClCompile>
    <ClCompile Include="..\src\planner.cpp">
      <Filter>src</Filter>
    </ClCompile>
    <ClCompile Include="..\src\practice.cpp">
      <Filter>src</Filter>
    </ClCompile>
    <ClCompile Include="..\src\radio.cpp">
      <Filter>src</Filter>
    </ClCompile>
    <ClCompile Include="..\src\rehlds.cpp">
      <Filter>src</Filter>
    </ClCompile>
    <ClCompile Include="..\src\sounds.cpp">
      <Filter>src</Filter>
    </ClCompile>
    <ClCompile Include="..\src\storage.cpp">
      <Filter>src</Filter>
    </ClCompile>
    <ClCompile Include="..\src\support.cpp">
      <Filter>src</Filter>
    </ClCompile>
    <ClCompile Include="..\src\tasks.cpp">
      <Filter>src</Filter>
    </ClCompile>
    <ClCompile Include="..\src\vision.cpp">
      <Filter>src</Filter>
    </ClCompile>
    <ClCompile Include="..\src\vistable.cpp">
      <Filter>src</Filter>
    </ClCompile>
    <ClCompile Include="..\src\weapons.cpp">
      <Filter>src</Filter>
    </ClCompile>
    <ClCompile Include="..\src\entities.cpp">
      <Filter>src</Filter>
    </ClCompile>
    <ClCompile Include="..\ext\ystl\ext\printf\printf.c">
      <Filter>inc\ext\ystl</Filter>
    </ClCompile>
    <ClCompile Include="..\ext\ystl\ext\printf\stub.c">
      <Filter>inc\ext\ystl</Filter>
    </ClCompile>
    <ClCompile Include="..\ext\ystl\ext\mbedtls\mbedtls\library\debug.c">
      <Filter>inc\ext\mbedtls</Filter>
    </ClCompile>
    <ClCompile Include="..\ext\ystl\ext\mbedtls\mbedtls\library\error.c">
      <Filter>inc\ext\mbedtls</Filter>
    </ClCompile>
    <ClCompile Include="..\ext\ystl\ext\mbedtls\mbedtls\library\mbedtls_config.c">
      <Filter>inc\ext\mbedtls</Filter>
    </ClCompile>
    <ClCompile Include="..\ext\ystl\ext\mbedtls\mbedtls\library\mps_reader.c">
      <Filter>inc\ext\mbedtls</Filter>
    </ClCompile>
    <ClCompile Include="..\ext\ystl\ext\mbedtls\mbedtls\library\mps_trace.c">
      <Filter>inc\ext\mbedtls</Filter>
    </ClCompile>
    <ClCompile Include="..\ext\ystl\ext\mbedtls\mbedtls\library\net_sockets.c">
      <Filter>inc\ext\mbedtls</Filter>
    </ClCompile>
    <ClCompile Include="..\ext\ystl\ext\mbedtls\mbedtls\library\pkcs7.c">
      <Filter>inc\ext\mbedtls</Filter>
    </ClCompile>
    <ClCompile Include="..\ext\ystl\ext\mbedtls\mbedtls\library\ssl_cache.c">
      <Filter>inc\ext\mbedtls</Filter>
    </ClCompile>
    <ClCompile Include="..\ext\ystl\ext\mbedtls\mbedtls\library\ssl_ciphersuites.c">
      <Filter>inc\ext\mbedtls</Filter>
    </ClCompile>
    <ClCompile Include="..\ext\ystl\ext\mbedtls\mbedtls\library\ssl_client.c">
      <Filter>inc\ext\mbedtls</Filter>
    </ClCompile>
    <ClCompile Include="..\ext\ystl\ext\mbedtls\mbedtls\library\ssl_cookie.c">
      <Filter>inc\ext\mbedtls</Filter>
    </ClCompile>
    <ClCompile Include="..\ext\ystl\ext\mbedtls\mbedtls\library\ssl_debug_helpers_generated.c">
      <Filter>inc\ext\mbedtls</Filter>
    </ClCompile>
    <ClCompile Include="..\ext\ystl\ext\mbedtls\mbedtls\library\ssl_msg.c">
      <Filter>inc\ext\mbedtls</Filter>
    </ClCompile>
    <ClCompile Include="..\ext\ystl\ext\mbedtls\mbedtls\library\ssl_ticket.c">
      <Filter>inc\ext\mbedtls</Filter>
    </ClCompile>
    <ClCompile Include="..\ext\ystl\ext\mbedtls\mbedtls\library\ssl_tls.c">
      <Filter>inc\ext\mbedtls</Filter>
    </ClCompile>
    <ClCompile Include="..\ext\ystl\ext\mbedtls\mbedtls\library\ssl_tls12_client.c">
      <Filter>inc\ext\mbedtls</Filter>
    </ClCompile>
    <ClCompile Include="..\ext\ystl\ext\mbedtls\mbedtls\library\ssl_tls12_server.c">
      <Filter>inc\ext\mbedtls</Filter>
    </ClCompile>
    <ClCompile Include="..\ext\ystl\ext\mbedtls\mbedtls\library\ssl_tls13_client.c">
      <Filter>inc\ext\mbedtls</Filter>
    </ClCompile>
    <ClCompile Include="..\ext\ystl\ext\mbedtls\mbedtls\library\ssl_tls13_generic.c">
      <Filter>inc\ext\mbedtls</Filter>
    </ClCompile>
    <ClCompile Include="..\ext\ystl\ext\mbedtls\mbedtls\library\ssl_tls13_keys.c">
      <Filter>inc\ext\mbedtls</Filter>
    </ClCompile>
    <ClCompile Include="..\ext\ystl\ext\mbedtls\mbedtls\library\ssl_tls13_server.c">
      <Filter>inc\ext\mbedtls</Filter>
    </ClCompile>
    <ClCompile Include="..\ext\ystl\ext\mbedtls\mbedtls\library\timing.c">
      <Filter>inc\ext\mbedtls</Filter>
    </ClCompile>
    <ClCompile Include="..\ext\ystl\ext\mbedtls\mbedtls\library\version_features.c">
      <Filter>inc\ext\mbedtls</Filter>
    </ClCompile>
    <ClCompile Include="..\ext\ystl\ext\mbedtls\mbedtls\library\version.c">
      <Filter>inc\ext\mbedtls</Filter>
    </ClCompile>
    <ClCompile Include="..\ext\ystl\ext\mbedtls\mbedtls\library\x509_create.c">
      <Filter>inc\ext\mbedtls</Filter>
    </ClCompile>
    <ClCompile Include="..\ext\ystl\ext\mbedtls\mbedtls\library\x509_crl.c">
      <Filter>inc\ext\mbedtls</Filter>
    </ClCompile>
    <ClCompile Include="..\ext\ystl\ext\mbedtls\mbedtls\library\x509_crt.c">
      <Filter>inc\ext\mbedtls</Filter>
    </ClCompile>
    <ClCompile Include="..\ext\ystl\ext\mbedtls\mbedtls\library\x509_csr.c">
      <Filter>inc\ext\mbedtls</Filter>
    </ClCompile>
    <ClCompile Include="..\ext\ystl\ext\mbedtls\mbedtls\library\x509_oid.c">
      <Filter>inc\ext\mbedtls</Filter>
    </ClCompile>
    <ClCompile Include="..\ext\ystl\ext\mbedtls\mbedtls\library\x509.c">
      <Filter>inc\ext\mbedtls</Filter>
    </ClCompile>
    <ClCompile Include="..\ext\ystl\ext\mbedtls\mbedtls\library\x509write_crt.c">
      <Filter>inc\ext\mbedtls</Filter>
    </ClCompile>
    <ClCompile Include="..\ext\ystl\ext\mbedtls\mbedtls\library\x509write_csr.c">
      <Filter>inc\ext\mbedtls</Filter>
    </ClCompile>
    <ClCompile Include="..\ext\ystl\ext\mbedtls\mbedtls\library\x509write.c">
      <Filter>inc\ext\mbedtls</Filter>
    </ClCompile>
    <ClCompile Include="..\ext\ystl\ext\mbedtls\mbedtls\tf-psa-crypto\core\psa_crypto_client.c">
      <Filter>inc\ext\mbedtls</Filter>
    </ClCompile>
    <ClCompile Include="..\ext\ystl\ext\mbedtls\mbedtls\tf-psa-crypto\core\psa_crypto_driver_wrappers_no_static.c">
      <Filter>inc\ext\mbedtls</Filter>
    </ClCompile>
    <ClCompile Include="..\ext\ystl\ext\mbedtls\mbedtls\tf-psa-crypto\core\psa_crypto_random.c">
      <Filter>inc\ext\mbedtls</Filter>
    </ClCompile>
    <ClCompile Include="..\ext\ystl\ext\mbedtls\mbedtls\tf-psa-crypto\core\psa_crypto_slot_management.c">
      <Filter>inc\ext\mbedtls</Filter>
    </ClCompile>
    <ClCompile Include="..\ext\ystl\ext\mbedtls\mbedtls\tf-psa-crypto\core\psa_crypto_storage.c">
      <Filter>inc\ext\mbedtls</Filter>
    </ClCompile>
    <ClCompile Include="..\ext\ystl\ext\mbedtls\mbedtls\tf-psa-crypto\core\psa_crypto.c">
      <Filter>inc\ext\mbedtls</Filter>
    </ClCompile>
    <ClCompile Include="..\ext\ystl\ext\mbedtls\mbedtls\tf-psa-crypto\core\psa_its_file.c">
      <Filter>inc\ext\mbedtls</Filter>
    </ClCompile>
    <ClCompile Include="..\ext\ystl\ext\mbedtls\mbedtls\tf-psa-crypto\core\psa_util.c">
      <Filter>inc\ext\mbedtls</Filter>
    </ClCompile>
    <ClCompile Include="..\ext\ystl\ext\mbedtls\mbedtls\tf-psa-crypto\core\tf_psa_crypto_config.c">
      <Filter>inc\ext\mbedtls</Filter>
    </ClCompile>
    <ClCompile Include="..\ext\ystl\ext\mbedtls\mbedtls\tf-psa-crypto\core\tf_psa_crypto_version.c">
      <Filter>inc\ext\mbedtls</Filter>
    </ClCompile>
    <ClCompile Include="..\ext\ystl\ext\mbedtls\mbedtls\tf-psa-crypto\drivers\builtin\src\aes.c">
      <Filter>inc\ext\mbedtls</Filter>
    </ClCompile>
    <ClCompile Include="..\ext\ystl\ext\mbedtls\mbedtls\tf-psa-crypto\drivers\builtin\src\aesce.c">
      <Filter>inc\ext\mbedtls</Filter>
    </ClCompile>
    <ClCompile Include="..\ext\ystl\ext\mbedtls\mbedtls\tf-psa-crypto\drivers\builtin\src\aesni.c">
      <Filter>inc\ext\mbedtls</Filter>
    </ClCompile>
    <ClCompile Include="..\ext\ystl\ext\mbedtls\mbedtls\tf-psa-crypto\drivers\builtin\src\aria.c">
      <Filter>inc\ext\mbedtls</Filter>
    </ClCompile>
    <ClCompile Include="..\ext\ystl\ext\mbedtls\mbedtls\tf-psa-crypto\drivers\builtin\src\bignum_core.c">
      <Filter>inc\ext\mbedtls</Filter>
    </ClCompile>
    <ClCompile Include="..\ext\ystl\ext\mbedtls\mbedtls\tf-psa-crypto\drivers\builtin\src\bignum_mod_raw.c">
      <Filter>inc\ext\mbedtls</Filter>
    </ClCompile>
    <ClCompile Include="..\ext\ystl\ext\mbedtls\mbedtls\tf-psa-crypto\drivers\builtin\src\bignum_mod.c">
      <Filter>inc\ext\mbedtls</Filter>
    </ClCompile>
    <ClCompile Include="..\ext\ystl\ext\mbedtls\mbedtls\tf-psa-crypto\drivers\builtin\src\bignum.c">
      <Filter>inc\ext\mbedtls</Filter>
    </ClCompile>
    <ClCompile Include="..\ext\ystl\ext\mbedtls\mbedtls\tf-psa-crypto\drivers\builtin\src\block_cipher.c">
      <Filter>inc\ext\mbedtls</Filter>
    </ClCompile>
    <ClCompile Include="..\ext\ystl\ext\mbedtls\mbedtls\tf-psa-crypto\drivers\builtin\src\camellia.c">
      <Filter>inc\ext\mbedtls</Filter>
    </ClCompile>
    <ClCompile Include="..\ext\ystl\ext\mbedtls\mbedtls\tf-psa-crypto\drivers\builtin\src\ccm.c">
      <Filter>inc\ext\mbedtls</Filter>
    </ClCompile>
    <ClCompile Include="..\ext\ystl\ext\mbedtls\mbedtls\tf-psa-crypto\drivers\builtin\src\chacha20_neon.c">
      <Filter>inc\ext\mbedtls</Filter>
    </ClCompile>
    <ClCompile Include="..\ext\ystl\ext\mbedtls\mbedtls\tf-psa-crypto\drivers\builtin\src\chacha20.c">
      <Filter>inc\ext\mbedtls</Filter>
    </ClCompile>
    <ClCompile Include="..\ext\ystl\ext\mbedtls\mbedtls\tf-psa-crypto\drivers\builtin\src\chachapoly.c">
      <Filter>inc\ext\mbedtls</Filter>
    </ClCompile>
    <ClCompile Include="..\ext\ystl\ext\mbedtls\mbedtls\tf-psa-crypto\drivers\builtin\src\cipher_wrap.c">
      <Filter>inc\ext\mbedtls</Filter>
    </ClCompile>
    <ClCompile Include="..\ext\ystl\ext\mbedtls\mbedtls\tf-psa-crypto\drivers\builtin\src\cipher.c">
      <Filter>inc\ext\mbedtls</Filter>
    </ClCompile>
    <ClCompile Include="..\ext\ystl\ext\mbedtls\mbedtls\tf-psa-crypto\drivers\builtin\src\cmac.c">
      <Filter>inc\ext\mbedtls</Filter>
    </ClCompile>
    <ClCompile Include="..\ext\ystl\ext\mbedtls\mbedtls\tf-psa-crypto\drivers\builtin\src\ctr_drbg.c">
      <Filter>inc\ext\mbedtls</Filter>
    </ClCompile>
    <ClCompile Include="..\ext\ystl\ext\mbedtls\mbedtls\tf-psa-crypto\drivers\builtin\src\ecdsa.c">
      <Filter>inc\ext\mbedtls</Filter>
    </ClCompile>
    <ClCompile Include="..\ext\ystl\ext\mbedtls\mbedtls\tf-psa-crypto\drivers\builtin\src\ecjpake.c">
      <Filter>inc\ext\mbedtls</Filter>
    </ClCompile>
    <ClCompile Include="..\ext\ystl\ext\mbedtls\mbedtls\tf-psa-crypto\drivers\builtin\src\ecp_curves.c">
      <Filter>inc\ext\mbedtls</Filter>
    </ClCompile>
    <ClCompile Include="..\ext\ystl\ext\mbedtls\mbedtls\tf-psa-crypto\drivers\builtin\src\ecp.c">
      <Filter>inc\ext\mbedtls</Filter>
    </ClCompile>
    <ClCompile Include="..\ext\ystl\ext\mbedtls\mbedtls\tf-psa-crypto\drivers\builtin\src\entropy_poll.c">
      <Filter>inc\ext\mbedtls</Filter>
    </ClCompile>
    <ClCompile Include="..\ext\ystl\ext\mbedtls\mbedtls\tf-psa-crypto\drivers\builtin\src\entropy.c">
      <Filter>inc\ext\mbedtls</Filter>
    </ClCompile>
    <ClCompile Include="..\ext\ystl\ext\mbedtls\mbedtls\tf-psa-crypto\drivers\builtin\src\gcm.c">
      <Filter>inc\ext\mbedtls</Filter>
    </ClCompile>
    <ClCompile Include="..\ext\ystl\ext\mbedtls\mbedtls\tf-psa-crypto\drivers\builtin\src\hmac_drbg.c">
      <Filter>inc\ext\mbedtls</Filter>
    </ClCompile>
    <ClCompile Include="..\ext\ystl\ext\mbedtls\mbedtls\tf-psa-crypto\drivers\builtin\src\md5.c">
      <Filter>inc\ext\mbedtls</Filter>
    </ClCompile>
    <ClCompile Include="..\ext\ystl\ext\mbedtls\mbedtls\tf-psa-crypto\drivers\builtin\src\poly1305.c">
      <Filter>inc\ext\mbedtls</Filter>
    </ClCompile>
    <ClCompile Include="..\ext\ystl\ext\mbedtls\mbedtls\tf-psa-crypto\drivers\builtin\src\psa_crypto_aead.c">
      <Filter>inc\ext\mbedtls</Filter>
    </ClCompile>
    <ClCompile Include="..\ext\ystl\ext\mbedtls\mbedtls\tf-psa-crypto\drivers\builtin\src\psa_crypto_cipher.c">
      <Filter>inc\ext\mbedtls</Filter>
    </ClCompile>
    <ClCompile Include="..\ext\ystl\ext\mbedtls\mbedtls\tf-psa-crypto\drivers\builtin\src\psa_crypto_ecp.c">
      <Filter>inc\ext\mbedtls</Filter>
    </ClCompile>
    <ClCompile Include="..\ext\ystl\ext\mbedtls\mbedtls\tf-psa-crypto\drivers\builtin\src\psa_crypto_ffdh.c">
      <Filter>inc\ext\mbedtls</Filter>
    </ClCompile>
    <ClCompile Include="..\ext\ystl\ext\mbedtls\mbedtls\tf-psa-crypto\drivers\builtin\src\psa_crypto_hash.c">
      <Filter>inc\ext\mbedtls</Filter>
    </ClCompile>
    <ClCompile Include="..\ext\ystl\ext\mbedtls\mbedtls\tf-psa-crypto\drivers\builtin\src\psa_crypto_mac.c">
      <Filter>inc\ext\mbedtls</Filter>
    </ClCompile>
    <ClCompile Include="..\ext\ystl\ext\mbedtls\mbedtls\tf-psa-crypto\drivers\builtin\src\psa_crypto_pake.c">
      <Filter>inc\ext\mbedtls</Filter>
    </ClCompile>
    <ClCompile Include="..\ext\ystl\ext\mbedtls\mbedtls\tf-psa-crypto\drivers\builtin\src\psa_crypto_rsa.c">
      <Filter>inc\ext\mbedtls</Filter>
    </ClCompile>
    <ClCompile Include="..\ext\ystl\ext\mbedtls\mbedtls\tf-psa-crypto\drivers\builtin\src\psa_crypto_xof.c">
      <Filter>inc\ext\mbedtls</Filter>
    </ClCompile>
    <ClCompile Include="..\ext\ystl\ext\mbedtls\mbedtls\tf-psa-crypto\drivers\builtin\src\psa_util_internal.c">
      <Filter>inc\ext\mbedtls</Filter>
    </ClCompile>
    <ClCompile Include="..\ext\ystl\ext\mbedtls\mbedtls\tf-psa-crypto\drivers\builtin\src\ripemd160.c">
      <Filter>inc\ext\mbedtls</Filter>
    </ClCompile>
    <ClCompile Include="..\ext\ystl\ext\mbedtls\mbedtls\tf-psa-crypto\drivers\builtin\src\rsa_alt_helpers.c">
      <Filter>inc\ext\mbedtls</Filter>
    </ClCompile>
    <ClCompile Include="..\ext\ystl\ext\mbedtls\mbedtls\tf-psa-crypto\drivers\builtin\src\rsa.c">
      <Filter>inc\ext\mbedtls</Filter>
    </ClCompile>
    <ClCompile Include="..\ext\ystl\ext\mbedtls\mbedtls\tf-psa-crypto\drivers\builtin\src\sha1.c">
      <Filter>inc\ext\mbedtls</Filter>
    </ClCompile>
    <ClCompile Include="..\ext\ystl\ext\mbedtls\mbedtls\tf-psa-crypto\drivers\builtin\src\sha256.c">
      <Filter>inc\ext\mbedtls</Filter>
    </ClCompile>
    <ClCompile Include="..\ext\ystl\ext\mbedtls\mbedtls\tf-psa-crypto\drivers\builtin\src\sha3.c">
      <Filter>inc\ext\mbedtls</Filter>
    </ClCompile>
    <ClCompile Include="..\ext\ystl\ext\mbedtls\mbedtls\tf-psa-crypto\drivers\builtin\src\sha512.c">
      <Filter>inc\ext\mbedtls</Filter>
    </ClCompile>
    <ClCompile Include="..\ext\ystl\ext\mbedtls\mbedtls\tf-psa-crypto\drivers\everest\library\Hacl_Curve25519_joined.c">
      <Filter>inc\ext\mbedtls</Filter>
    </ClCompile>
    <ClCompile Include="..\ext\ystl\ext\mbedtls\mbedtls\tf-psa-crypto\drivers\everest\library\x25519.c">
      <Filter>inc\ext\mbedtls</Filter>
    </ClCompile>
    <ClCompile Include="..\ext\ystl\ext\mbedtls\mbedtls\tf-psa-crypto\drivers\p256-m\p256-m_driver_entrypoints.c">
      <Filter>inc\ext\mbedtls</Filter>
    </ClCompile>
    <ClCompile Include="..\ext\ystl\ext\mbedtls\mbedtls\tf-psa-crypto\drivers\p256-m\p256-m\p256-m.c">
      <Filter>inc\ext\mbedtls</Filter>
    </ClCompile>
    <ClCompile Include="..\ext\ystl\ext\mbedtls\mbedtls\tf-psa-crypto\drivers\pqcp\src\psa_crypto_mldsa.c">
      <Filter>inc\ext\mbedtls</Filter>
    </ClCompile>
    <ClCompile Include="..\ext\ystl\ext\mbedtls\mbedtls\tf-psa-crypto\drivers\pqcp\src\wrap_mldsa_native.c">
      <Filter>inc\ext\mbedtls</Filter>
    </ClCompile>
    <ClCompile Include="..\ext\ystl\ext\mbedtls\mbedtls\tf-psa-crypto\extras\lmots.c">
      <Filter>inc\ext\mbedtls</Filter>
    </ClCompile>
    <ClCompile Include="..\ext\ystl\ext\mbedtls\mbedtls\tf-psa-crypto\extras\lms.c">
      <Filter>inc\ext\mbedtls</Filter>
    </ClCompile>
    <ClCompile Include="..\ext\ystl\ext\mbedtls\mbedtls\tf-psa-crypto\extras\md.c">
      <Filter>inc\ext\mbedtls</Filter>
    </ClCompile>
    <ClCompile Include="..\ext\ystl\ext\mbedtls\mbedtls\tf-psa-crypto\extras\nist_kw.c">
      <Filter>inc\ext\mbedtls</Filter>
    </ClCompile>
    <ClCompile Include="..\ext\ystl\ext\mbedtls\mbedtls\tf-psa-crypto\extras\pk_ecc.c">
      <Filter>inc\ext\mbedtls</Filter>
    </ClCompile>
    <ClCompile Include="..\ext\ystl\ext\mbedtls\mbedtls\tf-psa-crypto\extras\pk_rsa.c">
      <Filter>inc\ext\mbedtls</Filter>
    </ClCompile>
    <ClCompile Include="..\ext\ystl\ext\mbedtls\mbedtls\tf-psa-crypto\extras\pk_wrap.c">
      <Filter>inc\ext\mbedtls</Filter>
    </ClCompile>
    <ClCompile Include="..\ext\ystl\ext\mbedtls\mbedtls\tf-psa-crypto\extras\pk.c">
      <Filter>inc\ext\mbedtls</Filter>
    </ClCompile>
    <ClCompile Include="..\ext\ystl\ext\mbedtls\mbedtls\tf-psa-crypto\extras\pkparse.c">
      <Filter>inc\ext\mbedtls</Filter>
    </ClCompile>
    <ClCompile Include="..\ext\ystl\ext\mbedtls\mbedtls\tf-psa-crypto\extras\pkwrite.c">
      <Filter>inc\ext\mbedtls</Filter>
    </ClCompile>
    <ClCompile Include="..\ext\ystl\ext\mbedtls\mbedtls\tf-psa-crypto\platform\memory_buffer_alloc.c">
      <Filter>inc\ext\mbedtls</Filter>
    </ClCompile>
    <ClCompile Include="..\ext\ystl\ext\mbedtls\mbedtls\tf-psa-crypto\platform\platform_util.c">
      <Filter>inc\ext\mbedtls</Filter>
    </ClCompile>
    <ClCompile Include="..\ext\ystl\ext\mbedtls\mbedtls\tf-psa-crypto\platform\platform.c">
      <Filter>inc\ext\mbedtls</Filter>
    </ClCompile>
    <ClCompile Include="..\ext\ystl\ext\mbedtls\mbedtls\tf-psa-crypto\platform\threading.c">
      <Filter>inc\ext\mbedtls</Filter>
    </ClCompile>
    <ClCompile Include="..\ext\ystl\ext\mbedtls\mbedtls\tf-psa-crypto\utilities\asn1parse.c">
      <Filter>inc\ext\mbedtls</Filter>
    </ClCompile>
    <ClCompile Include="..\ext\ystl\ext\mbedtls\mbedtls\tf-psa-crypto\utilities\asn1write.c">
      <Filter>inc\ext\mbedtls</Filter>
    </ClCompile>
    <ClCompile Include="..\ext\ystl\ext\mbedtls\mbedtls\tf-psa-crypto\utilities\base64.c">
      <Filter>inc\ext\mbedtls</Filter>
    </ClCompile>
    <ClCompile Include="..\ext\ystl\ext\mbedtls\mbedtls\tf-psa-crypto\utilities\constant_time.c">
      <Filter>inc\ext\mbedtls</Filter>
    </ClCompile>
    <ClCompile Include="..\ext\ystl\ext\mbedtls\mbedtls\tf-psa-crypto\utilities\oid.c">
      <Filter>inc\ext\mbedtls</Filter>
    </ClCompile>
    <ClCompile Include="..\ext\ystl\ext\mbedtls\mbedtls\tf-psa-crypto\utilities\pem.c">
      <Filter>inc\ext\mbedtls</Filter>
    </ClCompile>
    <ClCompile Include="..\ext\ystl\ext\mbedtls\mbedtls\tf-psa-crypto\utilities\pkcs5.c">
      <Filter>inc\ext\mbedtls</Filter>
    </ClCompile>
  </ItemGroup>
  <ItemGroup>
    <ResourceCompile Include="yapb.rc">
      <Filter>res</Filter>
    </ResourceCompile>
  </ItemGroup>
  <ItemGroup>
    <None Include="..\inc\version.h.in">
      <Filter>inc</Filter>
    </None>
  </ItemGroup>
</Project>
